// !$*UTF8*$!
{
	archiveVersion = 1;
	classes = {
	};
	objectVersion = 50;
	objects = {

/* Begin PBXBuildFile section */
		5A18B771275267300053AC19 /* String+Extensions.swift in Sources */ = {isa = PBXBuildFile; fileRef = 5A18B770275267300053AC19 /* String+Extensions.swift */; };
		5A18B77A275267590053AC19 /* ContentGenerator.swift in Sources */ = {isa = PBXBuildFile; fileRef = 5A18B779275267590053AC19 /* ContentGenerator.swift */; };
		5A18B79E27526DDD0053AC19 /* OfferListViewModel.swift in Sources */ = {isa = PBXBuildFile; fileRef = 5A18B79D27526DDD0053AC19 /* OfferListViewModel.swift */; };
		5A18B7A327526DE90053AC19 /* ArticleListViewModel.swift in Sources */ = {isa = PBXBuildFile; fileRef = 5A18B7A227526DE90053AC19 /* ArticleListViewModel.swift */; };
		5A18B7B727529B800053AC19 /* ArticlesRepository.swift in Sources */ = {isa = PBXBuildFile; fileRef = 5A18B7B627529B800053AC19 /* ArticlesRepository.swift */; };
		5A18B7BC27529B900053AC19 /* OffersRepository.swift in Sources */ = {isa = PBXBuildFile; fileRef = 5A18B7BB27529B900053AC19 /* OffersRepository.swift */; };
		5A18B7C127529B9C0053AC19 /* NativeAdsRepository.swift in Sources */ = {isa = PBXBuildFile; fileRef = 5A18B7C027529B9C0053AC19 /* NativeAdsRepository.swift */; };
		5A18B7CC2752A00B0053AC19 /* FeedRepository.swift in Sources */ = {isa = PBXBuildFile; fileRef = 5A18B7CB2752A00B0053AC19 /* FeedRepository.swift */; };
		5A18B7E12752CF1C0053AC19 /* OfferCoordinator.swift in Sources */ = {isa = PBXBuildFile; fileRef = 5A18B7E02752CF1C0053AC19 /* OfferCoordinator.swift */; };
		5A18B7E92752CF280053AC19 /* OfferViewController.swift in Sources */ = {isa = PBXBuildFile; fileRef = 5A18B7E82752CF280053AC19 /* OfferViewController.swift */; };
		5A18B7EE2752CF320053AC19 /* OfferViewModel.swift in Sources */ = {isa = PBXBuildFile; fileRef = 5A18B7ED2752CF320053AC19 /* OfferViewModel.swift */; };
		5A30AC11274E807F00B7B197 /* MainTabBarController.swift in Sources */ = {isa = PBXBuildFile; fileRef = 5A30AC10274E807F00B7B197 /* MainTabBarController.swift */; };
		5A30AC16274E814900B7B197 /* FeedViewController.swift in Sources */ = {isa = PBXBuildFile; fileRef = 5A30AC15274E814900B7B197 /* FeedViewController.swift */; };
		5A30AC1B274E817800B7B197 /* ArticleListViewController.swift in Sources */ = {isa = PBXBuildFile; fileRef = 5A30AC1A274E817800B7B197 /* ArticleListViewController.swift */; };
		5A30AC20274E818700B7B197 /* OfferListViewController.swift in Sources */ = {isa = PBXBuildFile; fileRef = 5A30AC1F274E818700B7B197 /* OfferListViewController.swift */; };
		5A30AC2F274EE01400B7B197 /* Coordinator.swift in Sources */ = {isa = PBXBuildFile; fileRef = 5A30AC2E274EE01400B7B197 /* Coordinator.swift */; };
		5A30AC4B274EF28D00B7B197 /* AppFlowCoordinator.swift in Sources */ = {isa = PBXBuildFile; fileRef = 5A30AC4A274EF28D00B7B197 /* AppFlowCoordinator.swift */; };
		5A30AC50274EF40900B7B197 /* FeedCoordinator.swift in Sources */ = {isa = PBXBuildFile; fileRef = 5A30AC4F274EF40900B7B197 /* FeedCoordinator.swift */; };
		5A30AC58274EF44A00B7B197 /* ArticleListCoordinator.swift in Sources */ = {isa = PBXBuildFile; fileRef = 5A30AC57274EF44A00B7B197 /* ArticleListCoordinator.swift */; };
		5A30AC5D274EF47700B7B197 /* OfferListCoordinator.swift in Sources */ = {isa = PBXBuildFile; fileRef = 5A30AC5C274EF47700B7B197 /* OfferListCoordinator.swift */; };
		5A6815452753781D000B65B3 /* ArticleCoordinator.swift in Sources */ = {isa = PBXBuildFile; fileRef = 5A6815442753781D000B65B3 /* ArticleCoordinator.swift */; };
		5A68154D2753782C000B65B3 /* ArticleViewController.swift in Sources */ = {isa = PBXBuildFile; fileRef = 5A68154C2753782C000B65B3 /* ArticleViewController.swift */; };
		5A68155227537839000B65B3 /* ArticleViewModel.swift in Sources */ = {isa = PBXBuildFile; fileRef = 5A68155127537839000B65B3 /* ArticleViewModel.swift */; };
		5A68155B2753CDD2000B65B3 /* TitleDescriptionView.swift in Sources */ = {isa = PBXBuildFile; fileRef = 5A68155A2753CDD2000B65B3 /* TitleDescriptionView.swift */; };
		5A68156A2753D330000B65B3 /* NativeAdCoordinator.swift in Sources */ = {isa = PBXBuildFile; fileRef = 5A6815692753D330000B65B3 /* NativeAdCoordinator.swift */; };
		5A6815722753D33B000B65B3 /* NativeAdViewController.swift in Sources */ = {isa = PBXBuildFile; fileRef = 5A6815712753D33B000B65B3 /* NativeAdViewController.swift */; };
		5A6815772753D346000B65B3 /* NativeAdViewModel.swift in Sources */ = {isa = PBXBuildFile; fileRef = 5A6815762753D346000B65B3 /* NativeAdViewModel.swift */; };
		5A7BAB1F274FFA7C006BFDE7 /* WidgetViewCell.swift in Sources */ = {isa = PBXBuildFile; fileRef = 5A7BAB1E274FFA7C006BFDE7 /* WidgetViewCell.swift */; };
		5ADBBCE0274D969500BF096C /* AppDelegate.swift in Sources */ = {isa = PBXBuildFile; fileRef = 5ADBBCDF274D969500BF096C /* AppDelegate.swift */; };
		5ADBBCE9274D96A000BF096C /* Assets.xcassets in Resources */ = {isa = PBXBuildFile; fileRef = 5ADBBCE8274D96A000BF096C /* Assets.xcassets */; };
		5ADBBCEC274D96A000BF096C /* LaunchScreen.storyboard in Resources */ = {isa = PBXBuildFile; fileRef = 5ADBBCEA274D96A000BF096C /* LaunchScreen.storyboard */; };
		5ADBBCF7274D96A100BF096C /* TrackingSampleAppTests.swift in Sources */ = {isa = PBXBuildFile; fileRef = 5ADBBCF6274D96A100BF096C /* TrackingSampleAppTests.swift */; };
		5ADBBD02274D96A100BF096C /* TrackingSampleAppUITests.swift in Sources */ = {isa = PBXBuildFile; fileRef = 5ADBBD01274D96A100BF096C /* TrackingSampleAppUITests.swift */; };
		5AEA09862751966300F7D216 /* Widget.swift in Sources */ = {isa = PBXBuildFile; fileRef = 5AEA09852751966300F7D216 /* Widget.swift */; };
		5AEA098F2751989B00F7D216 /* Article.swift in Sources */ = {isa = PBXBuildFile; fileRef = 5AEA098E2751989B00F7D216 /* Article.swift */; };
		5AEA0997275198B300F7D216 /* Offer.swift in Sources */ = {isa = PBXBuildFile; fileRef = 5AEA0996275198B300F7D216 /* Offer.swift */; };
		5AEA099C275198CA00F7D216 /* NativeAd.swift in Sources */ = {isa = PBXBuildFile; fileRef = 5AEA099B275198CA00F7D216 /* NativeAd.swift */; };
		5AEA09A627519A6100F7D216 /* ArticlesStorage.swift in Sources */ = {isa = PBXBuildFile; fileRef = 5AEA09A527519A6100F7D216 /* ArticlesStorage.swift */; };
		5AEA09E32751AA2200F7D216 /* OffersStorage.swift in Sources */ = {isa = PBXBuildFile; fileRef = 5AEA09E22751AA2200F7D216 /* OffersStorage.swift */; };
		5AEA09E82751AAC400F7D216 /* NativeAdsStorage.swift in Sources */ = {isa = PBXBuildFile; fileRef = 5AEA09E72751AAC400F7D216 /* NativeAdsStorage.swift */; };
		5AEA09F72751ADB100F7D216 /* FeedStorage.swift in Sources */ = {isa = PBXBuildFile; fileRef = 5AEA09F62751ADB100F7D216 /* FeedStorage.swift */; };
		5AEA0A1C2751BDB500F7D216 /* FeedViewModel.swift in Sources */ = {isa = PBXBuildFile; fileRef = 5AEA0A1B2751BDB500F7D216 /* FeedViewModel.swift */; };
/* End PBXBuildFile section */

/* Begin PBXContainerItemProxy section */
		5ADBBCF3274D96A100BF096C /* PBXContainerItemProxy */ = {
			isa = PBXContainerItemProxy;
			containerPortal = 5ADBBCD4274D969500BF096C /* Project object */;
			proxyType = 1;
			remoteGlobalIDString = 5ADBBCDB274D969500BF096C;
			remoteInfo = TrackingSampleApp;
		};
		5ADBBCFE274D96A100BF096C /* PBXContainerItemProxy */ = {
			isa = PBXContainerItemProxy;
			containerPortal = 5ADBBCD4274D969500BF096C /* Project object */;
			proxyType = 1;
			remoteGlobalIDString = 5ADBBCDB274D969500BF096C;
			remoteInfo = TrackingSampleApp;
		};
/* End PBXContainerItemProxy section */

/* Begin PBXFileReference section */
		5A18B770275267300053AC19 /* String+Extensions.swift */ = {isa = PBXFileReference; lastKnownFileType = sourcecode.swift; path = "String+Extensions.swift"; sourceTree = "<group>"; };
		5A18B779275267590053AC19 /* ContentGenerator.swift */ = {isa = PBXFileReference; lastKnownFileType = sourcecode.swift; path = ContentGenerator.swift; sourceTree = "<group>"; };
		5A18B79D27526DDD0053AC19 /* OfferListViewModel.swift */ = {isa = PBXFileReference; lastKnownFileType = sourcecode.swift; path = OfferListViewModel.swift; sourceTree = "<group>"; };
		5A18B7A227526DE90053AC19 /* ArticleListViewModel.swift */ = {isa = PBXFileReference; lastKnownFileType = sourcecode.swift; path = ArticleListViewModel.swift; sourceTree = "<group>"; };
		5A18B7B627529B800053AC19 /* ArticlesRepository.swift */ = {isa = PBXFileReference; lastKnownFileType = sourcecode.swift; path = ArticlesRepository.swift; sourceTree = "<group>"; };
		5A18B7BB27529B900053AC19 /* OffersRepository.swift */ = {isa = PBXFileReference; lastKnownFileType = sourcecode.swift; path = OffersRepository.swift; sourceTree = "<group>"; };
		5A18B7C027529B9C0053AC19 /* NativeAdsRepository.swift */ = {isa = PBXFileReference; lastKnownFileType = sourcecode.swift; path = NativeAdsRepository.swift; sourceTree = "<group>"; };
		5A18B7CB2752A00B0053AC19 /* FeedRepository.swift */ = {isa = PBXFileReference; lastKnownFileType = sourcecode.swift; path = FeedRepository.swift; sourceTree = "<group>"; };
		5A18B7E02752CF1C0053AC19 /* OfferCoordinator.swift */ = {isa = PBXFileReference; lastKnownFileType = sourcecode.swift; path = OfferCoordinator.swift; sourceTree = "<group>"; };
		5A18B7E82752CF280053AC19 /* OfferViewController.swift */ = {isa = PBXFileReference; lastKnownFileType = sourcecode.swift; path = OfferViewController.swift; sourceTree = "<group>"; };
		5A18B7ED2752CF320053AC19 /* OfferViewModel.swift */ = {isa = PBXFileReference; lastKnownFileType = sourcecode.swift; path = OfferViewModel.swift; sourceTree = "<group>"; };
		5A30AC10274E807F00B7B197 /* MainTabBarController.swift */ = {isa = PBXFileReference; lastKnownFileType = sourcecode.swift; path = MainTabBarController.swift; sourceTree = "<group>"; };
		5A30AC15274E814900B7B197 /* FeedViewController.swift */ = {isa = PBXFileReference; lastKnownFileType = sourcecode.swift; path = FeedViewController.swift; sourceTree = "<group>"; };
		5A30AC1A274E817800B7B197 /* ArticleListViewController.swift */ = {isa = PBXFileReference; lastKnownFileType = sourcecode.swift; path = ArticleListViewController.swift; sourceTree = "<group>"; };
		5A30AC1F274E818700B7B197 /* OfferListViewController.swift */ = {isa = PBXFileReference; lastKnownFileType = sourcecode.swift; path = OfferListViewController.swift; sourceTree = "<group>"; };
		5A30AC2E274EE01400B7B197 /* Coordinator.swift */ = {isa = PBXFileReference; lastKnownFileType = sourcecode.swift; path = Coordinator.swift; sourceTree = "<group>"; };
		5A30AC4A274EF28D00B7B197 /* AppFlowCoordinator.swift */ = {isa = PBXFileReference; lastKnownFileType = sourcecode.swift; path = AppFlowCoordinator.swift; sourceTree = "<group>"; };
		5A30AC4F274EF40900B7B197 /* FeedCoordinator.swift */ = {isa = PBXFileReference; lastKnownFileType = sourcecode.swift; path = FeedCoordinator.swift; sourceTree = "<group>"; };
		5A30AC57274EF44A00B7B197 /* ArticleListCoordinator.swift */ = {isa = PBXFileReference; lastKnownFileType = sourcecode.swift; path = ArticleListCoordinator.swift; sourceTree = "<group>"; };
		5A30AC5C274EF47700B7B197 /* OfferListCoordinator.swift */ = {isa = PBXFileReference; lastKnownFileType = sourcecode.swift; path = OfferListCoordinator.swift; sourceTree = "<group>"; };
		5A6815442753781D000B65B3 /* ArticleCoordinator.swift */ = {isa = PBXFileReference; lastKnownFileType = sourcecode.swift; path = ArticleCoordinator.swift; sourceTree = "<group>"; };
		5A68154C2753782C000B65B3 /* ArticleViewController.swift */ = {isa = PBXFileReference; lastKnownFileType = sourcecode.swift; path = ArticleViewController.swift; sourceTree = "<group>"; };
		5A68155127537839000B65B3 /* ArticleViewModel.swift */ = {isa = PBXFileReference; lastKnownFileType = sourcecode.swift; path = ArticleViewModel.swift; sourceTree = "<group>"; };
		5A68155A2753CDD2000B65B3 /* TitleDescriptionView.swift */ = {isa = PBXFileReference; lastKnownFileType = sourcecode.swift; path = TitleDescriptionView.swift; sourceTree = "<group>"; };
		5A6815692753D330000B65B3 /* NativeAdCoordinator.swift */ = {isa = PBXFileReference; lastKnownFileType = sourcecode.swift; path = NativeAdCoordinator.swift; sourceTree = "<group>"; };
		5A6815712753D33B000B65B3 /* NativeAdViewController.swift */ = {isa = PBXFileReference; lastKnownFileType = sourcecode.swift; path = NativeAdViewController.swift; sourceTree = "<group>"; };
		5A6815762753D346000B65B3 /* NativeAdViewModel.swift */ = {isa = PBXFileReference; lastKnownFileType = sourcecode.swift; path = NativeAdViewModel.swift; sourceTree = "<group>"; };
		5A7BAB1E274FFA7C006BFDE7 /* WidgetViewCell.swift */ = {isa = PBXFileReference; lastKnownFileType = sourcecode.swift; path = WidgetViewCell.swift; sourceTree = "<group>"; };
		5ADBBCDC274D969500BF096C /* TrackingSampleApp.app */ = {isa = PBXFileReference; explicitFileType = wrapper.application; includeInIndex = 0; path = TrackingSampleApp.app; sourceTree = BUILT_PRODUCTS_DIR; };
		5ADBBCDF274D969500BF096C /* AppDelegate.swift */ = {isa = PBXFileReference; lastKnownFileType = sourcecode.swift; path = AppDelegate.swift; sourceTree = "<group>"; };
		5ADBBCE8274D96A000BF096C /* Assets.xcassets */ = {isa = PBXFileReference; lastKnownFileType = folder.assetcatalog; path = Assets.xcassets; sourceTree = "<group>"; };
		5ADBBCEB274D96A000BF096C /* Base */ = {isa = PBXFileReference; lastKnownFileType = file.storyboard; name = Base; path = Base.lproj/LaunchScreen.storyboard; sourceTree = "<group>"; };
		5ADBBCED274D96A000BF096C /* Info.plist */ = {isa = PBXFileReference; lastKnownFileType = text.plist.xml; path = Info.plist; sourceTree = "<group>"; };
		5ADBBCF2274D96A100BF096C /* TrackingSampleAppTests.xctest */ = {isa = PBXFileReference; explicitFileType = wrapper.cfbundle; includeInIndex = 0; path = TrackingSampleAppTests.xctest; sourceTree = BUILT_PRODUCTS_DIR; };
		5ADBBCF6274D96A100BF096C /* TrackingSampleAppTests.swift */ = {isa = PBXFileReference; lastKnownFileType = sourcecode.swift; path = TrackingSampleAppTests.swift; sourceTree = "<group>"; };
		5ADBBCF8274D96A100BF096C /* Info.plist */ = {isa = PBXFileReference; lastKnownFileType = text.plist.xml; path = Info.plist; sourceTree = "<group>"; };
		5ADBBCFD274D96A100BF096C /* TrackingSampleAppUITests.xctest */ = {isa = PBXFileReference; explicitFileType = wrapper.cfbundle; includeInIndex = 0; path = TrackingSampleAppUITests.xctest; sourceTree = BUILT_PRODUCTS_DIR; };
		5ADBBD01274D96A100BF096C /* TrackingSampleAppUITests.swift */ = {isa = PBXFileReference; lastKnownFileType = sourcecode.swift; path = TrackingSampleAppUITests.swift; sourceTree = "<group>"; };
		5ADBBD03274D96A100BF096C /* Info.plist */ = {isa = PBXFileReference; lastKnownFileType = text.plist.xml; path = Info.plist; sourceTree = "<group>"; };
		5AEA09852751966300F7D216 /* Widget.swift */ = {isa = PBXFileReference; lastKnownFileType = sourcecode.swift; path = Widget.swift; sourceTree = "<group>"; };
		5AEA098E2751989B00F7D216 /* Article.swift */ = {isa = PBXFileReference; lastKnownFileType = sourcecode.swift; path = Article.swift; sourceTree = "<group>"; };
		5AEA0996275198B300F7D216 /* Offer.swift */ = {isa = PBXFileReference; lastKnownFileType = sourcecode.swift; path = Offer.swift; sourceTree = "<group>"; };
		5AEA099B275198CA00F7D216 /* NativeAd.swift */ = {isa = PBXFileReference; lastKnownFileType = sourcecode.swift; path = NativeAd.swift; sourceTree = "<group>"; };
		5AEA09A527519A6100F7D216 /* ArticlesStorage.swift */ = {isa = PBXFileReference; lastKnownFileType = sourcecode.swift; path = ArticlesStorage.swift; sourceTree = "<group>"; };
		5AEA09E22751AA2200F7D216 /* OffersStorage.swift */ = {isa = PBXFileReference; lastKnownFileType = sourcecode.swift; path = OffersStorage.swift; sourceTree = "<group>"; };
		5AEA09E72751AAC400F7D216 /* NativeAdsStorage.swift */ = {isa = PBXFileReference; lastKnownFileType = sourcecode.swift; path = NativeAdsStorage.swift; sourceTree = "<group>"; };
		5AEA09F62751ADB100F7D216 /* FeedStorage.swift */ = {isa = PBXFileReference; lastKnownFileType = sourcecode.swift; path = FeedStorage.swift; sourceTree = "<group>"; };
		5AEA0A1B2751BDB500F7D216 /* FeedViewModel.swift */ = {isa = PBXFileReference; lastKnownFileType = sourcecode.swift; path = FeedViewModel.swift; sourceTree = "<group>"; };
/* End PBXFileReference section */

/* Begin PBXFrameworksBuildPhase section */
		5ADBBCD9274D969500BF096C /* Frameworks */ = {
			isa = PBXFrameworksBuildPhase;
			buildActionMask = 2147483647;
			files = (
			);
			runOnlyForDeploymentPostprocessing = 0;
		};
		5ADBBCEF274D96A100BF096C /* Frameworks */ = {
			isa = PBXFrameworksBuildPhase;
			buildActionMask = 2147483647;
			files = (
			);
			runOnlyForDeploymentPostprocessing = 0;
		};
		5ADBBCFA274D96A100BF096C /* Frameworks */ = {
			isa = PBXFrameworksBuildPhase;
			buildActionMask = 2147483647;
			files = (
			);
			runOnlyForDeploymentPostprocessing = 0;
		};
/* End PBXFrameworksBuildPhase section */

/* Begin PBXGroup section */
		5A18B76F2752671A0053AC19 /* Extensions */ = {
			isa = PBXGroup;
			children = (
				5A18B770275267300053AC19 /* String+Extensions.swift */,
			);
			path = Extensions;
			sourceTree = "<group>";
		};
		5A18B7782752674C0053AC19 /* Helper */ = {
			isa = PBXGroup;
			children = (
				5A18B779275267590053AC19 /* ContentGenerator.swift */,
			);
			path = Helper;
			sourceTree = "<group>";
		};
		5A18B7D62752AF0D0053AC19 /* Domain */ = {
			isa = PBXGroup;
			children = (
				5AEA098D2751988E00F7D216 /* Model */,
				5A18B7D72752CCCA0053AC19 /* RepositoryInterface */,
			);
			path = Domain;
			sourceTree = "<group>";
		};
		5A18B7D72752CCCA0053AC19 /* RepositoryInterface */ = {
			isa = PBXGroup;
			children = (
				5A18B7B627529B800053AC19 /* ArticlesRepository.swift */,
				5A18B7CB2752A00B0053AC19 /* FeedRepository.swift */,
				5A18B7C027529B9C0053AC19 /* NativeAdsRepository.swift */,
				5A18B7BB27529B900053AC19 /* OffersRepository.swift */,
			);
			path = RepositoryInterface;
			sourceTree = "<group>";
		};
		5A18B7DB2752CD680053AC19 /* Infrastructure */ = {
			isa = PBXGroup;
			children = (
				5A30AC2D274EDFFE00B7B197 /* Coordinator */,
			);
			path = Infrastructure;
			sourceTree = "<group>";
		};
		5A18B7DF2752CEFF0053AC19 /* Offer */ = {
			isa = PBXGroup;
			children = (
				5A18B7E02752CF1C0053AC19 /* OfferCoordinator.swift */,
				5A18B7E82752CF280053AC19 /* OfferViewController.swift */,
				5A18B7ED2752CF320053AC19 /* OfferViewModel.swift */,
			);
			path = Offer;
			sourceTree = "<group>";
		};
		5A30AC2D274EDFFE00B7B197 /* Coordinator */ = {
			isa = PBXGroup;
			children = (
				5A30AC2E274EE01400B7B197 /* Coordinator.swift */,
			);
			path = Coordinator;
			sourceTree = "<group>";
		};
		5A6815432753778A000B65B3 /* Article */ = {
			isa = PBXGroup;
			children = (
				5A6815442753781D000B65B3 /* ArticleCoordinator.swift */,
				5A68154C2753782C000B65B3 /* ArticleViewController.swift */,
				5A68155127537839000B65B3 /* ArticleViewModel.swift */,
				5A6815592753CDC0000B65B3 /* View */,
			);
			path = Article;
			sourceTree = "<group>";
		};
		5A6815592753CDC0000B65B3 /* View */ = {
			isa = PBXGroup;
			children = (
				5A68155A2753CDD2000B65B3 /* TitleDescriptionView.swift */,
			);
			path = View;
			sourceTree = "<group>";
		};
		5A6815682753D30E000B65B3 /* NativeAd */ = {
			isa = PBXGroup;
			children = (
				5A6815692753D330000B65B3 /* NativeAdCoordinator.swift */,
				5A6815712753D33B000B65B3 /* NativeAdViewController.swift */,
				5A6815762753D346000B65B3 /* NativeAdViewModel.swift */,
			);
			path = NativeAd;
			sourceTree = "<group>";
		};
		5A7BAB0F274FF04B006BFDE7 /* Presentation */ = {
			isa = PBXGroup;
			children = (
				5A7BAB13274FF1C1006BFDE7 /* MainTabBar */,
				5A7BAB10274FF053006BFDE7 /* Feed */,
				5A7BAB11274FF059006BFDE7 /* ArticleList */,
				5A7BAB12274FF063006BFDE7 /* OfferList */,
				5A6815432753778A000B65B3 /* Article */,
				5A6815682753D30E000B65B3 /* NativeAd */,
				5A18B7DF2752CEFF0053AC19 /* Offer */,
			);
			path = Presentation;
			sourceTree = "<group>";
		};
		5A7BAB10274FF053006BFDE7 /* Feed */ = {
			isa = PBXGroup;
			children = (
				5A30AC4F274EF40900B7B197 /* FeedCoordinator.swift */,
				5A30AC15274E814900B7B197 /* FeedViewController.swift */,
				5AEA0A1B2751BDB500F7D216 /* FeedViewModel.swift */,
				5A7BAB1D274FF98F006BFDE7 /* Views */,
			);
			path = Feed;
			sourceTree = "<group>";
		};
		5A7BAB11274FF059006BFDE7 /* ArticleList */ = {
			isa = PBXGroup;
			children = (
				5A30AC57274EF44A00B7B197 /* ArticleListCoordinator.swift */,
				5A30AC1A274E817800B7B197 /* ArticleListViewController.swift */,
				5A18B7A227526DE90053AC19 /* ArticleListViewModel.swift */,
			);
			path = ArticleList;
			sourceTree = "<group>";
		};
		5A7BAB12274FF063006BFDE7 /* OfferList */ = {
			isa = PBXGroup;
			children = (
				5A30AC5C274EF47700B7B197 /* OfferListCoordinator.swift */,
				5A30AC1F274E818700B7B197 /* OfferListViewController.swift */,
				5A18B79D27526DDD0053AC19 /* OfferListViewModel.swift */,
			);
			path = OfferList;
			sourceTree = "<group>";
		};
		5A7BAB13274FF1C1006BFDE7 /* MainTabBar */ = {
			isa = PBXGroup;
			children = (
				5A30AC4A274EF28D00B7B197 /* AppFlowCoordinator.swift */,
				5A30AC10274E807F00B7B197 /* MainTabBarController.swift */,
			);
			path = MainTabBar;
			sourceTree = "<group>";
		};
		5A7BAB1D274FF98F006BFDE7 /* Views */ = {
			isa = PBXGroup;
			children = (
				5A7BAB1E274FFA7C006BFDE7 /* WidgetViewCell.swift */,
			);
			path = Views;
			sourceTree = "<group>";
		};
		5ADBBCD3274D969500BF096C = {
			isa = PBXGroup;
			children = (
				5ADBBCDE274D969500BF096C /* TrackingSampleApp */,
				5ADBBCF5274D96A100BF096C /* TrackingSampleAppTests */,
				5ADBBD00274D96A100BF096C /* TrackingSampleAppUITests */,
				5ADBBCDD274D969500BF096C /* Products */,
			);
			sourceTree = "<group>";
		};
		5ADBBCDD274D969500BF096C /* Products */ = {
			isa = PBXGroup;
			children = (
				5ADBBCDC274D969500BF096C /* TrackingSampleApp.app */,
				5ADBBCF2274D96A100BF096C /* TrackingSampleAppTests.xctest */,
				5ADBBCFD274D96A100BF096C /* TrackingSampleAppUITests.xctest */,
			);
			name = Products;
			sourceTree = "<group>";
		};
		5ADBBCDE274D969500BF096C /* TrackingSampleApp */ = {
			isa = PBXGroup;
			children = (
				5A18B7D62752AF0D0053AC19 /* Domain */,
				5AEA09842751964C00F7D216 /* Data */,
				5A7BAB0F274FF04B006BFDE7 /* Presentation */,
				5A18B7DB2752CD680053AC19 /* Infrastructure */,
				5ADBBCDF274D969500BF096C /* AppDelegate.swift */,
				5ADBBCEA274D96A000BF096C /* LaunchScreen.storyboard */,
				5ADBBCED274D96A000BF096C /* Info.plist */,
				5ADBBD12274D96C400BF096C /* Resources */,
			);
			path = TrackingSampleApp;
			sourceTree = "<group>";
		};
		5ADBBCF5274D96A100BF096C /* TrackingSampleAppTests */ = {
			isa = PBXGroup;
			children = (
				5ADBBCF6274D96A100BF096C /* TrackingSampleAppTests.swift */,
				5ADBBCF8274D96A100BF096C /* Info.plist */,
			);
			path = TrackingSampleAppTests;
			sourceTree = "<group>";
		};
		5ADBBD00274D96A100BF096C /* TrackingSampleAppUITests */ = {
			isa = PBXGroup;
			children = (
				5ADBBD01274D96A100BF096C /* TrackingSampleAppUITests.swift */,
				5ADBBD03274D96A100BF096C /* Info.plist */,
			);
			path = TrackingSampleAppUITests;
			sourceTree = "<group>";
		};
		5ADBBD12274D96C400BF096C /* Resources */ = {
			isa = PBXGroup;
			children = (
				5ADBBCE8274D96A000BF096C /* Assets.xcassets */,
			);
			path = Resources;
			sourceTree = "<group>";
		};
		5AEA09842751964C00F7D216 /* Data */ = {
			isa = PBXGroup;
			children = (
				5AEA09D52751A92C00F7D216 /* RepositoryImplementation */,
			);
			path = Data;
			sourceTree = "<group>";
		};
		5AEA098D2751988E00F7D216 /* Model */ = {
			isa = PBXGroup;
			children = (
				5AEA09852751966300F7D216 /* Widget.swift */,
				5AEA098E2751989B00F7D216 /* Article.swift */,
				5AEA099B275198CA00F7D216 /* NativeAd.swift */,
				5AEA0996275198B300F7D216 /* Offer.swift */,
			);
			path = Model;
			sourceTree = "<group>";
		};
		5AEA09D52751A92C00F7D216 /* RepositoryImplementation */ = {
			isa = PBXGroup;
			children = (
				5AEA09A527519A6100F7D216 /* ArticlesStorage.swift */,
				5AEA09F62751ADB100F7D216 /* FeedStorage.swift */,
				5AEA09E72751AAC400F7D216 /* NativeAdsStorage.swift */,
				5AEA09E22751AA2200F7D216 /* OffersStorage.swift */,
				5A18B7782752674C0053AC19 /* Helper */,
				5A18B76F2752671A0053AC19 /* Extensions */,
			);
			path = RepositoryImplementation;
			sourceTree = "<group>";
		};
/* End PBXGroup section */

/* Begin PBXNativeTarget section */
		5ADBBCDB274D969500BF096C /* TrackingSampleApp */ = {
			isa = PBXNativeTarget;
			buildConfigurationList = 5ADBBD06274D96A100BF096C /* Build configuration list for PBXNativeTarget "TrackingSampleApp" */;
			buildPhases = (
				5ADBBCD8274D969500BF096C /* Sources */,
				5ADBBCD9274D969500BF096C /* Frameworks */,
				5ADBBCDA274D969500BF096C /* Resources */,
			);
			buildRules = (
			);
			dependencies = (
			);
			name = TrackingSampleApp;
			productName = TrackingSampleApp;
			productReference = 5ADBBCDC274D969500BF096C /* TrackingSampleApp.app */;
			productType = "com.apple.product-type.application";
		};
		5ADBBCF1274D96A100BF096C /* TrackingSampleAppTests */ = {
			isa = PBXNativeTarget;
			buildConfigurationList = 5ADBBD09274D96A100BF096C /* Build configuration list for PBXNativeTarget "TrackingSampleAppTests" */;
			buildPhases = (
				5ADBBCEE274D96A100BF096C /* Sources */,
				5ADBBCEF274D96A100BF096C /* Frameworks */,
				5ADBBCF0274D96A100BF096C /* Resources */,
			);
			buildRules = (
			);
			dependencies = (
				5ADBBCF4274D96A100BF096C /* PBXTargetDependency */,
			);
			name = TrackingSampleAppTests;
			productName = TrackingSampleAppTests;
			productReference = 5ADBBCF2274D96A100BF096C /* TrackingSampleAppTests.xctest */;
			productType = "com.apple.product-type.bundle.unit-test";
		};
		5ADBBCFC274D96A100BF096C /* TrackingSampleAppUITests */ = {
			isa = PBXNativeTarget;
			buildConfigurationList = 5ADBBD0C274D96A100BF096C /* Build configuration list for PBXNativeTarget "TrackingSampleAppUITests" */;
			buildPhases = (
				5ADBBCF9274D96A100BF096C /* Sources */,
				5ADBBCFA274D96A100BF096C /* Frameworks */,
				5ADBBCFB274D96A100BF096C /* Resources */,
			);
			buildRules = (
			);
			dependencies = (
				5ADBBCFF274D96A100BF096C /* PBXTargetDependency */,
			);
			name = TrackingSampleAppUITests;
			productName = TrackingSampleAppUITests;
			productReference = 5ADBBCFD274D96A100BF096C /* TrackingSampleAppUITests.xctest */;
			productType = "com.apple.product-type.bundle.ui-testing";
		};
/* End PBXNativeTarget section */

/* Begin PBXProject section */
		5ADBBCD4274D969500BF096C /* Project object */ = {
			isa = PBXProject;
			attributes = {
				LastSwiftUpdateCheck = 1240;
				LastUpgradeCheck = 1240;
				TargetAttributes = {
					5ADBBCDB274D969500BF096C = {
						CreatedOnToolsVersion = 12.4;
					};
					5ADBBCF1274D96A100BF096C = {
						CreatedOnToolsVersion = 12.4;
						TestTargetID = 5ADBBCDB274D969500BF096C;
					};
					5ADBBCFC274D96A100BF096C = {
						CreatedOnToolsVersion = 12.4;
						TestTargetID = 5ADBBCDB274D969500BF096C;
					};
				};
			};
			buildConfigurationList = 5ADBBCD7274D969500BF096C /* Build configuration list for PBXProject "TrackingSampleApp" */;
			compatibilityVersion = "Xcode 9.3";
			developmentRegion = en;
			hasScannedForEncodings = 0;
			knownRegions = (
				en,
				Base,
			);
			mainGroup = 5ADBBCD3274D969500BF096C;
			productRefGroup = 5ADBBCDD274D969500BF096C /* Products */;
			projectDirPath = "";
			projectRoot = "";
			targets = (
				5ADBBCDB274D969500BF096C /* TrackingSampleApp */,
				5ADBBCF1274D96A100BF096C /* TrackingSampleAppTests */,
				5ADBBCFC274D96A100BF096C /* TrackingSampleAppUITests */,
			);
		};
/* End PBXProject section */

/* Begin PBXResourcesBuildPhase section */
		5ADBBCDA274D969500BF096C /* Resources */ = {
			isa = PBXResourcesBuildPhase;
			buildActionMask = 2147483647;
			files = (
				5ADBBCEC274D96A000BF096C /* LaunchScreen.storyboard in Resources */,
				5ADBBCE9274D96A000BF096C /* Assets.xcassets in Resources */,
			);
			runOnlyForDeploymentPostprocessing = 0;
		};
		5ADBBCF0274D96A100BF096C /* Resources */ = {
			isa = PBXResourcesBuildPhase;
			buildActionMask = 2147483647;
			files = (
			);
			runOnlyForDeploymentPostprocessing = 0;
		};
		5ADBBCFB274D96A100BF096C /* Resources */ = {
			isa = PBXResourcesBuildPhase;
			buildActionMask = 2147483647;
			files = (
			);
			runOnlyForDeploymentPostprocessing = 0;
		};
/* End PBXResourcesBuildPhase section */

/* Begin PBXSourcesBuildPhase section */
		5ADBBCD8274D969500BF096C /* Sources */ = {
			isa = PBXSourcesBuildPhase;
			buildActionMask = 2147483647;
			files = (
				5A68156A2753D330000B65B3 /* NativeAdCoordinator.swift in Sources */,
				5A18B7B727529B800053AC19 /* ArticlesRepository.swift in Sources */,
				5AEA09E32751AA2200F7D216 /* OffersStorage.swift in Sources */,
				5AEA09F72751ADB100F7D216 /* FeedStorage.swift in Sources */,
				5A18B77A275267590053AC19 /* ContentGenerator.swift in Sources */,
				5AEA0997275198B300F7D216 /* Offer.swift in Sources */,
				5AEA098F2751989B00F7D216 /* Article.swift in Sources */,
				5A30AC2F274EE01400B7B197 /* Coordinator.swift in Sources */,
				5A18B7EE2752CF320053AC19 /* OfferViewModel.swift in Sources */,
				5A30AC4B274EF28D00B7B197 /* AppFlowCoordinator.swift in Sources */,
				5A30AC16274E814900B7B197 /* FeedViewController.swift in Sources */,
				5A30AC58274EF44A00B7B197 /* ArticleListCoordinator.swift in Sources */,
				5ADBBCE0274D969500BF096C /* AppDelegate.swift in Sources */,
				5A68155B2753CDD2000B65B3 /* TitleDescriptionView.swift in Sources */,
				5A7BAB1F274FFA7C006BFDE7 /* WidgetViewCell.swift in Sources */,
				5A30AC1B274E817800B7B197 /* ArticleListViewController.swift in Sources */,
				5A18B7CC2752A00B0053AC19 /* FeedRepository.swift in Sources */,
				5A18B771275267300053AC19 /* String+Extensions.swift in Sources */,
				5A68154D2753782C000B65B3 /* ArticleViewController.swift in Sources */,
				5A18B7C127529B9C0053AC19 /* NativeAdsRepository.swift in Sources */,
				5A18B7BC27529B900053AC19 /* OffersRepository.swift in Sources */,
				5A30AC5D274EF47700B7B197 /* OfferListCoordinator.swift in Sources */,
				5AEA09E82751AAC400F7D216 /* NativeAdsStorage.swift in Sources */,
				5AEA0A1C2751BDB500F7D216 /* FeedViewModel.swift in Sources */,
				5AEA09A627519A6100F7D216 /* ArticlesStorage.swift in Sources */,
				5A30AC11274E807F00B7B197 /* MainTabBarController.swift in Sources */,
				5AEA099C275198CA00F7D216 /* NativeAd.swift in Sources */,
				5A30AC50274EF40900B7B197 /* FeedCoordinator.swift in Sources */,
				5A18B7E12752CF1C0053AC19 /* OfferCoordinator.swift in Sources */,
				5A6815722753D33B000B65B3 /* NativeAdViewController.swift in Sources */,
				5A68155227537839000B65B3 /* ArticleViewModel.swift in Sources */,
				5A18B7E92752CF280053AC19 /* OfferViewController.swift in Sources */,
				5A6815772753D346000B65B3 /* NativeAdViewModel.swift in Sources */,
				5A6815452753781D000B65B3 /* ArticleCoordinator.swift in Sources */,
				5A18B79E27526DDD0053AC19 /* OfferListViewModel.swift in Sources */,
				5A30AC20274E818700B7B197 /* OfferListViewController.swift in Sources */,
				5AEA09862751966300F7D216 /* Widget.swift in Sources */,
				5A18B7A327526DE90053AC19 /* ArticleListViewModel.swift in Sources */,
			);
			runOnlyForDeploymentPostprocessing = 0;
		};
		5ADBBCEE274D96A100BF096C /* Sources */ = {
			isa = PBXSourcesBuildPhase;
			buildActionMask = 2147483647;
			files = (
				5ADBBCF7274D96A100BF096C /* TrackingSampleAppTests.swift in Sources */,
			);
			runOnlyForDeploymentPostprocessing = 0;
		};
		5ADBBCF9274D96A100BF096C /* Sources */ = {
			isa = PBXSourcesBuildPhase;
			buildActionMask = 2147483647;
			files = (
				5ADBBD02274D96A100BF096C /* TrackingSampleAppUITests.swift in Sources */,
			);
			runOnlyForDeploymentPostprocessing = 0;
		};
/* End PBXSourcesBuildPhase section */

/* Begin PBXTargetDependency section */
		5ADBBCF4274D96A100BF096C /* PBXTargetDependency */ = {
			isa = PBXTargetDependency;
			target = 5ADBBCDB274D969500BF096C /* TrackingSampleApp */;
			targetProxy = 5ADBBCF3274D96A100BF096C /* PBXContainerItemProxy */;
		};
		5ADBBCFF274D96A100BF096C /* PBXTargetDependency */ = {
			isa = PBXTargetDependency;
			target = 5ADBBCDB274D969500BF096C /* TrackingSampleApp */;
			targetProxy = 5ADBBCFE274D96A100BF096C /* PBXContainerItemProxy */;
		};
/* End PBXTargetDependency section */

/* Begin PBXVariantGroup section */
		5ADBBCEA274D96A000BF096C /* LaunchScreen.storyboard */ = {
			isa = PBXVariantGroup;
			children = (
				5ADBBCEB274D96A000BF096C /* Base */,
			);
			name = LaunchScreen.storyboard;
			sourceTree = "<group>";
		};
/* End PBXVariantGroup section */

/* Begin XCBuildConfiguration section */
		5ADBBD04274D96A100BF096C /* Debug */ = {
			isa = XCBuildConfiguration;
			buildSettings = {
				ALWAYS_SEARCH_USER_PATHS = NO;
				CLANG_ANALYZER_NONNULL = YES;
				CLANG_ANALYZER_NUMBER_OBJECT_CONVERSION = YES_AGGRESSIVE;
				CLANG_CXX_LANGUAGE_STANDARD = "gnu++14";
				CLANG_CXX_LIBRARY = "libc++";
				CLANG_ENABLE_MODULES = YES;
				CLANG_ENABLE_OBJC_ARC = YES;
				CLANG_ENABLE_OBJC_WEAK = YES;
				CLANG_WARN_BLOCK_CAPTURE_AUTORELEASING = YES;
				CLANG_WARN_BOOL_CONVERSION = YES;
				CLANG_WARN_COMMA = YES;
				CLANG_WARN_CONSTANT_CONVERSION = YES;
				CLANG_WARN_DEPRECATED_OBJC_IMPLEMENTATIONS = YES;
				CLANG_WARN_DIRECT_OBJC_ISA_USAGE = YES_ERROR;
				CLANG_WARN_DOCUMENTATION_COMMENTS = YES;
				CLANG_WARN_EMPTY_BODY = YES;
				CLANG_WARN_ENUM_CONVERSION = YES;
				CLANG_WARN_INFINITE_RECURSION = YES;
				CLANG_WARN_INT_CONVERSION = YES;
				CLANG_WARN_NON_LITERAL_NULL_CONVERSION = YES;
				CLANG_WARN_OBJC_IMPLICIT_RETAIN_SELF = YES;
				CLANG_WARN_OBJC_LITERAL_CONVERSION = YES;
				CLANG_WARN_OBJC_ROOT_CLASS = YES_ERROR;
				CLANG_WARN_QUOTED_INCLUDE_IN_FRAMEWORK_HEADER = YES;
				CLANG_WARN_RANGE_LOOP_ANALYSIS = YES;
				CLANG_WARN_STRICT_PROTOTYPES = YES;
				CLANG_WARN_SUSPICIOUS_MOVE = YES;
				CLANG_WARN_UNGUARDED_AVAILABILITY = YES_AGGRESSIVE;
				CLANG_WARN_UNREACHABLE_CODE = YES;
				CLANG_WARN__DUPLICATE_METHOD_MATCH = YES;
				COPY_PHASE_STRIP = NO;
				DEBUG_INFORMATION_FORMAT = dwarf;
				ENABLE_STRICT_OBJC_MSGSEND = YES;
				ENABLE_TESTABILITY = YES;
				GCC_C_LANGUAGE_STANDARD = gnu11;
				GCC_DYNAMIC_NO_PIC = NO;
				GCC_NO_COMMON_BLOCKS = YES;
				GCC_OPTIMIZATION_LEVEL = 0;
				GCC_PREPROCESSOR_DEFINITIONS = (
					"DEBUG=1",
					"$(inherited)",
				);
				GCC_WARN_64_TO_32_BIT_CONVERSION = YES;
				GCC_WARN_ABOUT_RETURN_TYPE = YES_ERROR;
				GCC_WARN_UNDECLARED_SELECTOR = YES;
				GCC_WARN_UNINITIALIZED_AUTOS = YES_AGGRESSIVE;
				GCC_WARN_UNUSED_FUNCTION = YES;
				GCC_WARN_UNUSED_VARIABLE = YES;
				IPHONEOS_DEPLOYMENT_TARGET = 14.4;
				MTL_ENABLE_DEBUG_INFO = INCLUDE_SOURCE;
				MTL_FAST_MATH = YES;
				ONLY_ACTIVE_ARCH = YES;
				SDKROOT = iphoneos;
				SWIFT_ACTIVE_COMPILATION_CONDITIONS = DEBUG;
				SWIFT_OPTIMIZATION_LEVEL = "-Onone";
			};
			name = Debug;
		};
		5ADBBD05274D96A100BF096C /* Release */ = {
			isa = XCBuildConfiguration;
			buildSettings = {
				ALWAYS_SEARCH_USER_PATHS = NO;
				CLANG_ANALYZER_NONNULL = YES;
				CLANG_ANALYZER_NUMBER_OBJECT_CONVERSION = YES_AGGRESSIVE;
				CLANG_CXX_LANGUAGE_STANDARD = "gnu++14";
				CLANG_CXX_LIBRARY = "libc++";
				CLANG_ENABLE_MODULES = YES;
				CLANG_ENABLE_OBJC_ARC = YES;
				CLANG_ENABLE_OBJC_WEAK = YES;
				CLANG_WARN_BLOCK_CAPTURE_AUTORELEASING = YES;
				CLANG_WARN_BOOL_CONVERSION = YES;
				CLANG_WARN_COMMA = YES;
				CLANG_WARN_CONSTANT_CONVERSION = YES;
				CLANG_WARN_DEPRECATED_OBJC_IMPLEMENTATIONS = YES;
				CLANG_WARN_DIRECT_OBJC_ISA_USAGE = YES_ERROR;
				CLANG_WARN_DOCUMENTATION_COMMENTS = YES;
				CLANG_WARN_EMPTY_BODY = YES;
				CLANG_WARN_ENUM_CONVERSION = YES;
				CLANG_WARN_INFINITE_RECURSION = YES;
				CLANG_WARN_INT_CONVERSION = YES;
				CLANG_WARN_NON_LITERAL_NULL_CONVERSION = YES;
				CLANG_WARN_OBJC_IMPLICIT_RETAIN_SELF = YES;
				CLANG_WARN_OBJC_LITERAL_CONVERSION = YES;
				CLANG_WARN_OBJC_ROOT_CLASS = YES_ERROR;
				CLANG_WARN_QUOTED_INCLUDE_IN_FRAMEWORK_HEADER = YES;
				CLANG_WARN_RANGE_LOOP_ANALYSIS = YES;
				CLANG_WARN_STRICT_PROTOTYPES = YES;
				CLANG_WARN_SUSPICIOUS_MOVE = YES;
				CLANG_WARN_UNGUARDED_AVAILABILITY = YES_AGGRESSIVE;
				CLANG_WARN_UNREACHABLE_CODE = YES;
				CLANG_WARN__DUPLICATE_METHOD_MATCH = YES;
				COPY_PHASE_STRIP = NO;
				DEBUG_INFORMATION_FORMAT = "dwarf-with-dsym";
				ENABLE_NS_ASSERTIONS = NO;
				ENABLE_STRICT_OBJC_MSGSEND = YES;
				GCC_C_LANGUAGE_STANDARD = gnu11;
				GCC_NO_COMMON_BLOCKS = YES;
				GCC_WARN_64_TO_32_BIT_CONVERSION = YES;
				GCC_WARN_ABOUT_RETURN_TYPE = YES_ERROR;
				GCC_WARN_UNDECLARED_SELECTOR = YES;
				GCC_WARN_UNINITIALIZED_AUTOS = YES_AGGRESSIVE;
				GCC_WARN_UNUSED_FUNCTION = YES;
				GCC_WARN_UNUSED_VARIABLE = YES;
				IPHONEOS_DEPLOYMENT_TARGET = 14.4;
				MTL_ENABLE_DEBUG_INFO = NO;
				MTL_FAST_MATH = YES;
				SDKROOT = iphoneos;
				SWIFT_COMPILATION_MODE = wholemodule;
				SWIFT_OPTIMIZATION_LEVEL = "-O";
				VALIDATE_PRODUCT = YES;
			};
			name = Release;
		};
		5ADBBD07274D96A100BF096C /* Debug */ = {
			isa = XCBuildConfiguration;
			buildSettings = {
				ASSETCATALOG_COMPILER_APPICON_NAME = AppIcon;
				ASSETCATALOG_COMPILER_GLOBAL_ACCENT_COLOR_NAME = AccentColor;
				CODE_SIGN_STYLE = Automatic;
				DEVELOPMENT_TEAM = 6UM6NTG484;
				INFOPLIST_FILE = TrackingSampleApp/Info.plist;
				LD_RUNPATH_SEARCH_PATHS = (
					"$(inherited)",
					"@executable_path/Frameworks",
				);
				PRODUCT_BUNDLE_IDENTIFIER = com.marcinborek.TrackingSampleApp;
				PRODUCT_NAME = "$(TARGET_NAME)";
				SWIFT_VERSION = 5.0;
				TARGETED_DEVICE_FAMILY = "1,2";
			};
			name = Debug;
		};
		5ADBBD08274D96A100BF096C /* Release */ = {
			isa = XCBuildConfiguration;
			buildSettings = {
				ASSETCATALOG_COMPILER_APPICON_NAME = AppIcon;
				ASSETCATALOG_COMPILER_GLOBAL_ACCENT_COLOR_NAME = AccentColor;
				CODE_SIGN_STYLE = Automatic;
				DEVELOPMENT_TEAM = 6UM6NTG484;
				INFOPLIST_FILE = TrackingSampleApp/Info.plist;
				LD_RUNPATH_SEARCH_PATHS = (
					"$(inherited)",
					"@executable_path/Frameworks",
				);
				PRODUCT_BUNDLE_IDENTIFIER = com.marcinborek.TrackingSampleApp;
				PRODUCT_NAME = "$(TARGET_NAME)";
				SWIFT_VERSION = 5.0;
				TARGETED_DEVICE_FAMILY = "1,2";
			};
			name = Release;
		};
		5ADBBD0A274D96A100BF096C /* Debug */ = {
			isa = XCBuildConfiguration;
			buildSettings = {
				ALWAYS_EMBED_SWIFT_STANDARD_LIBRARIES = YES;
				BUNDLE_LOADER = "$(TEST_HOST)";
				CODE_SIGN_STYLE = Automatic;
				DEVELOPMENT_TEAM = 6UM6NTG484;
				INFOPLIST_FILE = TrackingSampleAppTests/Info.plist;
				IPHONEOS_DEPLOYMENT_TARGET = 14.4;
				LD_RUNPATH_SEARCH_PATHS = (
					"$(inherited)",
					"@executable_path/Frameworks",
					"@loader_path/Frameworks",
				);
				PRODUCT_BUNDLE_IDENTIFIER = com.marcinborek.TrackingSampleAppTests;
				PRODUCT_NAME = "$(TARGET_NAME)";
				SWIFT_VERSION = 5.0;
				TARGETED_DEVICE_FAMILY = "1,2";
				TEST_HOST = "$(BUILT_PRODUCTS_DIR)/TrackingSampleApp.app/TrackingSampleApp";
			};
			name = Debug;
		};
		5ADBBD0B274D96A100BF096C /* Release */ = {
			isa = XCBuildConfiguration;
			buildSettings = {
				ALWAYS_EMBED_SWIFT_STANDARD_LIBRARIES = YES;
				BUNDLE_LOADER = "$(TEST_HOST)";
				CODE_SIGN_STYLE = Automatic;
				DEVELOPMENT_TEAM = 6UM6NTG484;
				INFOPLIST_FILE = TrackingSampleAppTests/Info.plist;
				IPHONEOS_DEPLOYMENT_TARGET = 14.4;
				LD_RUNPATH_SEARCH_PATHS = (
					"$(inherited)",
					"@executable_path/Frameworks",
					"@loader_path/Frameworks",
				);
				PRODUCT_BUNDLE_IDENTIFIER = com.marcinborek.TrackingSampleAppTests;
				PRODUCT_NAME = "$(TARGET_NAME)";
				SWIFT_VERSION = 5.0;
				TARGETED_DEVICE_FAMILY = "1,2";
				TEST_HOST = "$(BUILT_PRODUCTS_DIR)/TrackingSampleApp.app/TrackingSampleApp";
			};
			name = Release;
		};
		5ADBBD0D274D96A100BF096C /* Debug */ = {
			isa = XCBuildConfiguration;
			buildSettings = {
				ALWAYS_EMBED_SWIFT_STANDARD_LIBRARIES = YES;
				CODE_SIGN_STYLE = Automatic;
				DEVELOPMENT_TEAM = 6UM6NTG484;
				INFOPLIST_FILE = TrackingSampleAppUITests/Info.plist;
				LD_RUNPATH_SEARCH_PATHS = (
					"$(inherited)",
					"@executable_path/Frameworks",
					"@loader_path/Frameworks",
				);
				PRODUCT_BUNDLE_IDENTIFIER = com.marcinborek.TrackingSampleAppUITests;
				PRODUCT_NAME = "$(TARGET_NAME)";
				SWIFT_VERSION = 5.0;
				TARGETED_DEVICE_FAMILY = "1,2";
				TEST_TARGET_NAME = TrackingSampleApp;
			};
			name = Debug;
		};
		5ADBBD0E274D96A100BF096C /* Release */ = {
			isa = XCBuildConfiguration;
			buildSettings = {
				ALWAYS_EMBED_SWIFT_STANDARD_LIBRARIES = YES;
				CODE_SIGN_STYLE = Automatic;
				DEVELOPMENT_TEAM = 6UM6NTG484;
				INFOPLIST_FILE = TrackingSampleAppUITests/Info.plist;
				LD_RUNPATH_SEARCH_PATHS = (
					"$(inherited)",
					"@executable_path/Frameworks",
					"@loader_path/Frameworks",
				);
				PRODUCT_BUNDLE_IDENTIFIER = com.marcinborek.TrackingSampleAppUITests;
				PRODUCT_NAME = "$(TARGET_NAME)";
				SWIFT_VERSION = 5.0;
				TARGETED_DEVICE_FAMILY = "1,2";
				TEST_TARGET_NAME = TrackingSampleApp;
			};
			name = Release;
		};
/* End XCBuildConfiguration section */

/* Begin XCConfigurationList section */
		5ADBBCD7274D969500BF096C /* Build configuration list for PBXProject "TrackingSampleApp" */ = {
			isa = XCConfigurationList;
			buildConfigurations = (
				5ADBBD04274D96A100BF096C /* Debug */,
				5ADBBD05274D96A100BF096C /* Release */,
			);
			defaultConfigurationIsVisible = 0;
			defaultConfigurationName = Release;
		};
		5ADBBD06274D96A100BF096C /* Build configuration list for PBXNativeTarget "TrackingSampleApp" */ = {
			isa = XCConfigurationList;
			buildConfigurations = (
				5ADBBD07274D96A100BF096C /* Debug */,
				5ADBBD08274D96A100BF096C /* Release */,
			);
			defaultConfigurationIsVisible = 0;
			defaultConfigurationName = Release;
		};
		5ADBBD09274D96A100BF096C /* Build configuration list for PBXNativeTarget "TrackingSampleAppTests" */ = {
			isa = XCConfigurationList;
			buildConfigurations = (
				5ADBBD0A274D96A100BF096C /* Debug */,
				5ADBBD0B274D96A100BF096C /* Release */,
			);
			defaultConfigurationIsVisible = 0;
			defaultConfigurationName = Release;
		};
		5ADBBD0C274D96A100BF096C /* Build configuration list for PBXNativeTarget "TrackingSampleAppUITests" */ = {
			isa = XCConfigurationList;
			buildConfigurations = (
				5ADBBD0D274D96A100BF096C /* Debug */,
				5ADBBD0E274D96A100BF096C /* Release */,
			);
			defaultConfigurationIsVisible = 0;
			defaultConfigurationName = Release;
		};
/* End XCConfigurationList section */
	};
	rootObject = 5ADBBCD4274D969500BF096C /* Project object */;
}
